
Microsoft Visual Studio Solution File, Format Version 12.00
# Visual Studio Express 2012 for Windows Desktop
Project("{FAE04EC0-301F-11D3-BF4B-00C04F79EFBC}") = "TimeTrack", "TimeTrack\TimeTrack.csproj", "{79F46996-780E-446D-911C-B89C203C63C4}"
EndProject
Project("{FAE04EC0-301F-11D3-BF4B-00C04F79EFBC}") = "NotifyIconWpf", "NotifyIconWpf\NotifyIconWpf.csproj", "{7AC63864-7638-41C4-969C-D3197EF2BED9}"
EndProject
Project("{FAE04EC0-301F-11D3-BF4B-00C04F79EFBC}") = "WeeklyGrinder", "WeeklyGrinder\WeeklyGrinder.csproj", "{5B87BD63-3ABC-4CC0-A44C-58DBDB7DB68F}"
EndProject
Global
	GlobalSection(SolutionConfigurationPlatforms) = preSolution
		Debug|Any CPU = Debug|Any CPU
		Release|Any CPU = Release|Any CPU
	EndGlobalSection
	GlobalSection(ProjectConfigurationPlatforms) = postSolution
		{79F46996-780E-446D-911C-B89C203C63C4}.Debug|Any CPU.ActiveCfg = Debug|Any CPU
		{79F46996-780E-446D-911C-B89C203C63C4}.Debug|Any CPU.Build.0 = Debug|Any CPU
		{79F46996-780E-446D-911C-B89C203C63C4}.Release|Any CPU.ActiveCfg = Release|Any CPU
		{79F46996-780E-446D-911C-B89C203C63C4}.Release|Any CPU.Build.0 = Release|Any CPU
		{7AC63864-7638-41C4-969C-D3197EF2BED9}.Debug|Any CPU.ActiveCfg = Debug|Any CPU
		{7AC63864-7638-41C4-969C-D3197EF2BED9}.Debug|Any CPU.Build.0 = Debug|Any CPU
		{7AC63864-7638-41C4-969C-D3197EF2BED9}.Release|Any CPU.ActiveCfg = Release|Any CPU
		{7AC63864-7638-41C4-969C-D3197EF2BED9}.Release|Any CPU.Build.0 = Release|Any CPU
		{5B87BD63-3ABC-4CC0-A44C-58DBDB7DB68F}.Debug|Any CPU.ActiveCfg = Debug|Any CPU
		{5B87BD63-3ABC-4CC0-A44C-58DBDB7DB68F}.Debug|Any CPU.Build.0 = Debug|Any CPU
		{5B87BD63-3ABC-4CC0-A44C-58DBDB7DB68F}.Release|Any CPU.ActiveCfg = Release|Any CPU
		{5B87BD63-3ABC-4CC0-A44C-58DBDB7DB68F}.Release|Any CPU.Build.0 = Release|Any CPU
	EndGlobalSection
	GlobalSection(SolutionProperties) = preSolution
		HideSolutionNode = FALSE
	EndGlobalSection
EndGlobal
